{
  "nodes": {
    "android": {
      "inputs": {
        "devshell": "devshell",
        "flake-utils": "flake-utils",
        "nixpkgs": [
          "nixpkgs"
        ]
      },
      "locked": {
        "lastModified": 1677615724,
        "narHash": "sha256-H7MtN8Lx7hEfgl7cGBlimN+65vPpmm1XPRnDHREA0cw=",
        "owner": "tadfisher",
        "repo": "android-nixpkgs",
        "rev": "d6431f89e7ca0fd4435283ad9cd39ab41f8702fb",
        "type": "github"
      },
      "original": {
        "owner": "tadfisher",
        "ref": "stable",
        "repo": "android-nixpkgs",
        "type": "github"
      }
    },
    "devshell": {
      "inputs": {
        "flake-utils": [
          "android",
          "nixpkgs"
        ],
        "nixpkgs": [
          "android",
          "nixpkgs"
        ]
      },
      "locked": {
        "lastModified": 1677576895,
        "narHash": "sha256-EtV2sOcIxqZUVijAb5HyCIq7Oft72bgQ3Me8YlKd5jE=",
        "owner": "numtide",
        "repo": "devshell",
        "rev": "05a1e4a4b02cb7bfc8d031064f9d5a2cc27c8847",
        "type": "github"
      },
      "original": {
        "owner": "numtide",
        "repo": "devshell",
        "type": "github"
      }
    },
    "flake-utils": {
      "locked": {
        "lastModified": 1676283394,
        "narHash": "sha256-XX2f9c3iySLCw54rJ/CZs+ZK6IQy7GXNY4nSOyu2QG4=",
        "owner": "numtide",
        "repo": "flake-utils",
        "rev": "3db36a8b464d0c4532ba1c7dda728f4576d6d073",
        "type": "github"
      },
      "original": {
        "owner": "numtide",
        "repo": "flake-utils",
        "type": "github"
      }
    },
    "nixpkgs": {
      "locked": {
        "lastModified": 1677686324,
        "narHash": "sha256-Car9Cfbe7RQio2jwaBQVnrLTqRgiNK0S/WoAKP1cd9g=",
        "owner": "NixOS",
        "repo": "nixpkgs",
        "rev": "8da88c64bf6179ccd43a0b48acf9cd277e250f0c",
        "type": "github"
      },
      "original": {
        "owner": "NixOS",
        "repo": "nixpkgs",
        "type": "github"
      }
    },
    "root": {
      "inputs": {
        "android": "android",
        "nixpkgs": "nixpkgs"
      }
    }
  },
  "root": "root",
  "version": 7
}
